// !$*UTF8*$!
{
	archiveVersion = 1;
	classes = {
	};
	objectVersion = 46;
	objects = {

/* Begin PBXBuildFile section */
		EC5315411AAA8CB30077A14A /* AppDelegate.swift in Sources */ = {isa = PBXBuildFile; fileRef = EC5315401AAA8CB30077A14A /* AppDelegate.swift */; };
		EC5315431AAA8CB30077A14A /* ViewController.swift in Sources */ = {isa = PBXBuildFile; fileRef = EC5315421AAA8CB30077A14A /* ViewController.swift */; };
		EC5315481AAA8CB30077A14A /* Images.xcassets in Resources */ = {isa = PBXBuildFile; fileRef = EC5315471AAA8CB30077A14A /* Images.xcassets */; };
		EC53154B1AAA8CB30077A14A /* LaunchScreen.xib in Resources */ = {isa = PBXBuildFile; fileRef = EC5315491AAA8CB30077A14A /* LaunchScreen.xib */; };
		EC5315571AAA8CB30077A14A /* USPFTATests.swift in Sources */ = {isa = PBXBuildFile; fileRef = EC5315561AAA8CB30077A14A /* USPFTATests.swift */; };
		EC5315611AAA8CE00077A14A /* Login.storyboard in Resources */ = {isa = PBXBuildFile; fileRef = EC5315601AAA8CE00077A14A /* Login.storyboard */; };
		EC5315631AAA8EE00077A14A /* Main.storyboard in Resources */ = {isa = PBXBuildFile; fileRef = EC5315621AAA8EE00077A14A /* Main.storyboard */; };
		EC5315671AAA928A0077A14A /* LoginVC.swift in Sources */ = {isa = PBXBuildFile; fileRef = EC5315661AAA928A0077A14A /* LoginVC.swift */; };
		EC5315691AAA92E80077A14A /* CustomButton.swift in Sources */ = {isa = PBXBuildFile; fileRef = EC5315681AAA92E80077A14A /* CustomButton.swift */; };
		EC53156B1AAA93C10077A14A /* DropFlagVC.swift in Sources */ = {isa = PBXBuildFile; fileRef = EC53156A1AAA93C10077A14A /* DropFlagVC.swift */; };
/* End PBXBuildFile section */

/* Begin PBXContainerItemProxy section */
		EC5315511AAA8CB30077A14A /* PBXContainerItemProxy */ = {
			isa = PBXContainerItemProxy;
			containerPortal = EC5315331AAA8CB30077A14A /* Project object */;
			proxyType = 1;
			remoteGlobalIDString = EC53153A1AAA8CB30077A14A;
			remoteInfo = USPFTA;
		};
/* End PBXContainerItemProxy section */

/* Begin PBXFileReference section */
		EC53153B1AAA8CB30077A14A /* USPFTA.app */ = {isa = PBXFileReference; explicitFileType = wrapper.application; includeInIndex = 0; path = USPFTA.app; sourceTree = BUILT_PRODUCTS_DIR; };
		EC53153F1AAA8CB30077A14A /* Info.plist */ = {isa = PBXFileReference; lastKnownFileType = text.plist.xml; path = Info.plist; sourceTree = "<group>"; };
		EC5315401AAA8CB30077A14A /* AppDelegate.swift */ = {isa = PBXFileReference; lastKnownFileType = sourcecode.swift; path = AppDelegate.swift; sourceTree = "<group>"; };
		EC5315421AAA8CB30077A14A /* ViewController.swift */ = {isa = PBXFileReference; lastKnownFileType = sourcecode.swift; path = ViewController.swift; sourceTree = "<group>"; };
		EC5315471AAA8CB30077A14A /* Images.xcassets */ = {isa = PBXFileReference; lastKnownFileType = folder.assetcatalog; path = Images.xcassets; sourceTree = "<group>"; };
		EC53154A1AAA8CB30077A14A /* Base */ = {isa = PBXFileReference; lastKnownFileType = file.xib; name = Base; path = Base.lproj/LaunchScreen.xib; sourceTree = "<group>"; };
		EC5315501AAA8CB30077A14A /* USPFTATests.xctest */ = {isa = PBXFileReference; explicitFileType = wrapper.cfbundle; includeInIndex = 0; path = USPFTATests.xctest; sourceTree = BUILT_PRODUCTS_DIR; };
		EC5315551AAA8CB30077A14A /* Info.plist */ = {isa = PBXFileReference; lastKnownFileType = text.plist.xml; path = Info.plist; sourceTree = "<group>"; };
		EC5315561AAA8CB30077A14A /* USPFTATests.swift */ = {isa = PBXFileReference; lastKnownFileType = sourcecode.swift; path = USPFTATests.swift; sourceTree = "<group>"; };
		EC5315601AAA8CE00077A14A /* Login.storyboard */ = {isa = PBXFileReference; fileEncoding = 4; lastKnownFileType = file.storyboard; path = Login.storyboard; sourceTree = "<group>"; };
		EC5315621AAA8EE00077A14A /* Main.storyboard */ = {isa = PBXFileReference; fileEncoding = 4; lastKnownFileType = file.storyboard; path = Main.storyboard; sourceTree = "<group>"; };
		EC5315661AAA928A0077A14A /* LoginVC.swift */ = {isa = PBXFileReference; fileEncoding = 4; lastKnownFileType = sourcecode.swift; path = LoginVC.swift; sourceTree = "<group>"; };
		EC5315681AAA92E80077A14A /* CustomButton.swift */ = {isa = PBXFileReference; fileEncoding = 4; lastKnownFileType = sourcecode.swift; path = CustomButton.swift; sourceTree = "<group>"; };
		EC53156A1AAA93C10077A14A /* DropFlagVC.swift */ = {isa = PBXFileReference; fileEncoding = 4; lastKnownFileType = sourcecode.swift; path = DropFlagVC.swift; sourceTree = "<group>"; };
/* End PBXFileReference section */

/* Begin PBXFrameworksBuildPhase section */
		EC5315381AAA8CB30077A14A /* Frameworks */ = {
			isa = PBXFrameworksBuildPhase;
			buildActionMask = 2147483647;
			files = (
			);
			runOnlyForDeploymentPostprocessing = 0;
		};
		EC53154D1AAA8CB30077A14A /* Frameworks */ = {
			isa = PBXFrameworksBuildPhase;
			buildActionMask = 2147483647;
			files = (
			);
			runOnlyForDeploymentPostprocessing = 0;
		};
/* End PBXFrameworksBuildPhase section */

/* Begin PBXGroup section */
		EC5315321AAA8CB30077A14A = {
			isa = PBXGroup;
			children = (
				EC53153D1AAA8CB30077A14A /* USPFTA */,
				EC5315531AAA8CB30077A14A /* USPFTATests */,
				EC53153C1AAA8CB30077A14A /* Products */,
			);
			sourceTree = "<group>";
		};
		EC53153C1AAA8CB30077A14A /* Products */ = {
			isa = PBXGroup;
			children = (
				EC53153B1AAA8CB30077A14A /* USPFTA.app */,
				EC5315501AAA8CB30077A14A /* USPFTATests.xctest */,
			);
			name = Products;
			sourceTree = "<group>";
		};
		EC53153D1AAA8CB30077A14A /* USPFTA */ = {
			isa = PBXGroup;
			children = (
				EC5315681AAA92E80077A14A /* CustomButton.swift */,
				EC5315401AAA8CB30077A14A /* AppDelegate.swift */,
				EC53156A1AAA93C10077A14A /* DropFlagVC.swift */,
				EC5315421AAA8CB30077A14A /* ViewController.swift */,
				EC5315471AAA8CB30077A14A /* Images.xcassets */,
				EC5315491AAA8CB30077A14A /* LaunchScreen.xib */,
				EC5315621AAA8EE00077A14A /* Main.storyboard */,
				EC5315601AAA8CE00077A14A /* Login.storyboard */,
				EC53153E1AAA8CB30077A14A /* Supporting Files */,
				EC5315661AAA928A0077A14A /* LoginVC.swift */,
			);
			path = USPFTA;
			sourceTree = "<group>";
		};
		EC53153E1AAA8CB30077A14A /* Supporting Files */ = {
			isa = PBXGroup;
			children = (
				EC53153F1AAA8CB30077A14A /* Info.plist */,
			);
			name = "Supporting Files";
			sourceTree = "<group>";
		};
		EC5315531AAA8CB30077A14A /* USPFTATests */ = {
			isa = PBXGroup;
			children = (
				EC5315561AAA8CB30077A14A /* USPFTATests.swift */,
				EC5315541AAA8CB30077A14A /* Supporting Files */,
			);
			path = USPFTATests;
			sourceTree = "<group>";
		};
		EC5315541AAA8CB30077A14A /* Supporting Files */ = {
			isa = PBXGroup;
			children = (
				EC5315551AAA8CB30077A14A /* Info.plist */,
			);
			name = "Supporting Files";
			sourceTree = "<group>";
		};
/* End PBXGroup section */

/* Begin PBXNativeTarget section */
		EC53153A1AAA8CB30077A14A /* USPFTA */ = {
			isa = PBXNativeTarget;
			buildConfigurationList = EC53155A1AAA8CB30077A14A /* Build configuration list for PBXNativeTarget "USPFTA" */;
			buildPhases = (
				EC5315371AAA8CB30077A14A /* Sources */,
				EC5315381AAA8CB30077A14A /* Frameworks */,
				EC5315391AAA8CB30077A14A /* Resources */,
			);
			buildRules = (
			);
			dependencies = (
			);
			name = USPFTA;
			productName = USPFTA;
			productReference = EC53153B1AAA8CB30077A14A /* USPFTA.app */;
			productType = "com.apple.product-type.application";
		};
		EC53154F1AAA8CB30077A14A /* USPFTATests */ = {
			isa = PBXNativeTarget;
			buildConfigurationList = EC53155D1AAA8CB30077A14A /* Build configuration list for PBXNativeTarget "USPFTATests" */;
			buildPhases = (
				EC53154C1AAA8CB30077A14A /* Sources */,
				EC53154D1AAA8CB30077A14A /* Frameworks */,
				EC53154E1AAA8CB30077A14A /* Resources */,
			);
			buildRules = (
			);
			dependencies = (
				EC5315521AAA8CB30077A14A /* PBXTargetDependency */,
			);
			name = USPFTATests;
			productName = USPFTATests;
			productReference = EC5315501AAA8CB30077A14A /* USPFTATests.xctest */;
			productType = "com.apple.product-type.bundle.unit-test";
		};
/* End PBXNativeTarget section */

/* Begin PBXProject section */
		EC5315331AAA8CB30077A14A /* Project object */ = {
			isa = PBXProject;
			attributes = {
				LastUpgradeCheck = 0610;
				ORGANIZATIONNAME = "Proximity Viz LLC";
				TargetAttributes = {
					EC53153A1AAA8CB30077A14A = {
						CreatedOnToolsVersion = 6.1.1;
					};
					EC53154F1AAA8CB30077A14A = {
						CreatedOnToolsVersion = 6.1.1;
						TestTargetID = EC53153A1AAA8CB30077A14A;
					};
				};
			};
			buildConfigurationList = EC5315361AAA8CB30077A14A /* Build configuration list for PBXProject "USPFTA" */;
			compatibilityVersion = "Xcode 3.2";
			developmentRegion = English;
			hasScannedForEncodings = 0;
			knownRegions = (
				en,
				Base,
			);
			mainGroup = EC5315321AAA8CB30077A14A;
			productRefGroup = EC53153C1AAA8CB30077A14A /* Products */;
			projectDirPath = "";
			projectRoot = "";
			targets = (
				EC53153A1AAA8CB30077A14A /* USPFTA */,
				EC53154F1AAA8CB30077A14A /* USPFTATests */,
			);
		};
/* End PBXProject section */

/* Begin PBXResourcesBuildPhase section */
		EC5315391AAA8CB30077A14A /* Resources */ = {
			isa = PBXResourcesBuildPhase;
			buildActionMask = 2147483647;
			files = (
				EC5315611AAA8CE00077A14A /* Login.storyboard in Resources */,
				EC53154B1AAA8CB30077A14A /* LaunchScreen.xib in Resources */,
				EC5315481AAA8CB30077A14A /* Images.xcassets in Resources */,
				EC5315631AAA8EE00077A14A /* Main.storyboard in Resources */,
			);
			runOnlyForDeploymentPostprocessing = 0;
		};
		EC53154E1AAA8CB30077A14A /* Resources */ = {
			isa = PBXResourcesBuildPhase;
			buildActionMask = 2147483647;
			files = (
			);
			runOnlyForDeploymentPostprocessing = 0;
		};
/* End PBXResourcesBuildPhase section */

/* Begin PBXSourcesBuildPhase section */
		EC5315371AAA8CB30077A14A /* Sources */ = {
			isa = PBXSourcesBuildPhase;
			buildActionMask = 2147483647;
			files = (
				EC5315431AAA8CB30077A14A /* ViewController.swift in Sources */,
				EC5315411AAA8CB30077A14A /* AppDelegate.swift in Sources */,
				EC5315671AAA928A0077A14A /* LoginVC.swift in Sources */,
				EC5315691AAA92E80077A14A /* CustomButton.swift in Sources */,
				EC53156B1AAA93C10077A14A /* DropFlagVC.swift in Sources */,
			);
			runOnlyForDeploymentPostprocessing = 0;
		};
		EC53154C1AAA8CB30077A14A /* Sources */ = {
			isa = PBXSourcesBuildPhase;
			buildActionMask = 2147483647;
			files = (
				EC5315571AAA8CB30077A14A /* USPFTATests.swift in Sources */,
			);
			runOnlyForDeploymentPostprocessing = 0;
		};
/* End PBXSourcesBuildPhase section */

/* Begin PBXTargetDependency section */
		EC5315521AAA8CB30077A14A /* PBXTargetDependency */ = {
			isa = PBXTargetDependency;
			target = EC53153A1AAA8CB30077A14A /* USPFTA */;
			targetProxy = EC5315511AAA8CB30077A14A /* PBXContainerItemProxy */;
		};
/* End PBXTargetDependency section */

/* Begin PBXVariantGroup section */
		EC5315491AAA8CB30077A14A /* LaunchScreen.xib */ = {
			isa = PBXVariantGroup;
			children = (
				EC53154A1AAA8CB30077A14A /* Base */,
			);
			name = LaunchScreen.xib;
			sourceTree = "<group>";
		};
/* End PBXVariantGroup section */

/* Begin XCBuildConfiguration section */
		EC5315581AAA8CB30077A14A /* Debug */ = {
			isa = XCBuildConfiguration;
			buildSettings = {
				ALWAYS_SEARCH_USER_PATHS = NO;
				CLANG_CXX_LANGUAGE_STANDARD = "gnu++0x";
				CLANG_CXX_LIBRARY = "libc++";
				CLANG_ENABLE_MODULES = YES;
				CLANG_ENABLE_OBJC_ARC = YES;
				CLANG_WARN_BOOL_CONVERSION = YES;
				CLANG_WARN_CONSTANT_CONVERSION = YES;
				CLANG_WARN_DIRECT_OBJC_ISA_USAGE = YES_ERROR;
				CLANG_WARN_EMPTY_BODY = YES;
				CLANG_WARN_ENUM_CONVERSION = YES;
				CLANG_WARN_INT_CONVERSION = YES;
				CLANG_WARN_OBJC_ROOT_CLASS = YES_ERROR;
				CLANG_WARN_UNREACHABLE_CODE = YES;
				CLANG_WARN__DUPLICATE_METHOD_MATCH = YES;
				"CODE_SIGN_IDENTITY[sdk=iphoneos*]" = "iPhone Developer";
				COPY_PHASE_STRIP = NO;
				ENABLE_STRICT_OBJC_MSGSEND = YES;
				GCC_C_LANGUAGE_STANDARD = gnu99;
				GCC_DYNAMIC_NO_PIC = NO;
				GCC_OPTIMIZATION_LEVEL = 0;
				GCC_PREPROCESSOR_DEFINITIONS = (
					"DEBUG=1",
					"$(inherited)",
				);
				GCC_SYMBOLS_PRIVATE_EXTERN = NO;
				GCC_WARN_64_TO_32_BIT_CONVERSION = YES;
				GCC_WARN_ABOUT_RETURN_TYPE = YES_ERROR;
				GCC_WARN_UNDECLARED_SELECTOR = YES;
				GCC_WARN_UNINITIALIZED_AUTOS = YES_AGGRESSIVE;
				GCC_WARN_UNUSED_FUNCTION = YES;
				GCC_WARN_UNUSED_VARIABLE = YES;
				IPHONEOS_DEPLOYMENT_TARGET = 8.1;
				MTL_ENABLE_DEBUG_INFO = YES;
				ONLY_ACTIVE_ARCH = YES;
				SDKROOT = iphoneos;
				SWIFT_OPTIMIZATION_LEVEL = "-Onone";
			};
			name = Debug;
		};
		EC5315591AAA8CB30077A14A /* Release */ = {
			isa = XCBuildConfiguration;
			buildSettings = {
				ALWAYS_SEARCH_USER_PATHS = NO;
				CLANG_CXX_LANGUAGE_STANDARD = "gnu++0x";
				CLANG_CXX_LIBRARY = "libc++";
				CLANG_ENABLE_MODULES = YES;
				CLANG_ENABLE_OBJC_ARC = YES;
				CLANG_WARN_BOOL_CONVERSION = YES;
				CLANG_WARN_CONSTANT_CONVERSION = YES;
				CLANG_WARN_DIRECT_OBJC_ISA_USAGE = YES_ERROR;
				CLANG_WARN_EMPTY_BODY = YES;
				CLANG_WARN_ENUM_CONVERSION = YES;
				CLANG_WARN_INT_CONVERSION = YES;
				CLANG_WARN_OBJC_ROOT_CLASS = YES_ERROR;
				CLANG_WARN_UNREACHABLE_CODE = YES;
				CLANG_WARN__DUPLICATE_METHOD_MATCH = YES;
				"CODE_SIGN_IDENTITY[sdk=iphoneos*]" = "iPhone Developer";
				COPY_PHASE_STRIP = YES;
				ENABLE_NS_ASSERTIONS = NO;
				ENABLE_STRICT_OBJC_MSGSEND = YES;
				GCC_C_LANGUAGE_STANDARD = gnu99;
				GCC_WARN_64_TO_32_BIT_CONVERSION = YES;
				GCC_WARN_ABOUT_RETURN_TYPE = YES_ERROR;
				GCC_WARN_UNDECLARED_SELECTOR = YES;
				GCC_WARN_UNINITIALIZED_AUTOS = YES_AGGRESSIVE;
				GCC_WARN_UNUSED_FUNCTION = YES;
				GCC_WARN_UNUSED_VARIABLE = YES;
				IPHONEOS_DEPLOYMENT_TARGET = 8.1;
				MTL_ENABLE_DEBUG_INFO = NO;
				SDKROOT = iphoneos;
				VALIDATE_PRODUCT = YES;
			};
			name = Release;
		};
		EC53155B1AAA8CB30077A14A /* Debug */ = {
			isa = XCBuildConfiguration;
			buildSettings = {
				ASSETCATALOG_COMPILER_APPICON_NAME = AppIcon;
				INFOPLIST_FILE = USPFTA/Info.plist;
				LD_RUNPATH_SEARCH_PATHS = "$(inherited) @executable_path/Frameworks";
				PRODUCT_NAME = "$(TARGET_NAME)";
			};
			name = Debug;
		};
		EC53155C1AAA8CB30077A14A /* Release */ = {
			isa = XCBuildConfiguration;
			buildSettings = {
				ASSETCATALOG_COMPILER_APPICON_NAME = AppIcon;
				INFOPLIST_FILE = USPFTA/Info.plist;
				LD_RUNPATH_SEARCH_PATHS = "$(inherited) @executable_path/Frameworks";
				PRODUCT_NAME = "$(TARGET_NAME)";
			};
			name = Release;
		};
		EC53155E1AAA8CB30077A14A /* Debug */ = {
			isa = XCBuildConfiguration;
			buildSettings = {
				BUNDLE_LOADER = "$(TEST_HOST)";
				FRAMEWORK_SEARCH_PATHS = (
					"$(SDKROOT)/Developer/Library/Frameworks",
					"$(inherited)",
				);
				GCC_PREPROCESSOR_DEFINITIONS = (
					"DEBUG=1",
					"$(inherited)",
				);
				INFOPLIST_FILE = USPFTATests/Info.plist;
				LD_RUNPATH_SEARCH_PATHS = "$(inherited) @executable_path/Frameworks @loader_path/Frameworks";
				PRODUCT_NAME = "$(TARGET_NAME)";
				TEST_HOST = "$(BUILT_PRODUCTS_DIR)/USPFTA.app/USPFTA";
			};
			name = Debug;
		};
		EC53155F1AAA8CB30077A14A /* Release */ = {
			isa = XCBuildConfiguration;
			buildSettings = {
				BUNDLE_LOADER = "$(TEST_HOST)";
				FRAMEWORK_SEARCH_PATHS = (
					"$(SDKROOT)/Developer/Library/Frameworks",
					"$(inherited)",
				);
				INFOPLIST_FILE = USPFTATests/Info.plist;
				LD_RUNPATH_SEARCH_PATHS = "$(inherited) @executable_path/Frameworks @loader_path/Frameworks";
				PRODUCT_NAME = "$(TARGET_NAME)";
				TEST_HOST = "$(BUILT_PRODUCTS_DIR)/USPFTA.app/USPFTA";
			};
			name = Release;
		};
/* End XCBuildConfiguration section */

/* Begin XCConfigurationList section */
		EC5315361AAA8CB30077A14A /* Build configuration list for PBXProject "USPFTA" */ = {
			isa = XCConfigurationList;
			buildConfigurations = (
				EC5315581AAA8CB30077A14A /* Debug */,
				EC5315591AAA8CB30077A14A /* Release */,
			);
			defaultConfigurationIsVisible = 0;
			defaultConfigurationName = Release;
		};
		EC53155A1AAA8CB30077A14A /* Build configuration list for PBXNativeTarget "USPFTA" */ = {
			isa = XCConfigurationList;
			buildConfigurations = (
				EC53155B1AAA8CB30077A14A /* Debug */,
				EC53155C1AAA8CB30077A14A /* Release */,
			);
			defaultConfigurationIsVisible = 0;
		};
		EC53155D1AAA8CB30077A14A /* Build configuration list for PBXNativeTarget "USPFTATests" */ = {
			isa = XCConfigurationList;
			buildConfigurations = (
				EC53155E1AAA8CB30077A14A /* Debug */,
				EC53155F1AAA8CB30077A14A /* Release */,
			);
			defaultConfigurationIsVisible = 0;
		};
/* End XCConfigurationList section */
	};
	rootObject = EC5315331AAA8CB30077A14A /* Project object */;
}
